
Microsoft Visual Studio Solution File, Format Version 12.00
# Visual Studio Version 16
VisualStudioVersion = 16.0.32407.337
MinimumVisualStudioVersion = 10.0.40219.1
Project("{FAE04EC0-301F-11D3-BF4B-00C04F79EFBC}") = "Dropdown17042022", "Dropdown17042022.csproj", "{4490F3D9-A6B5-4ECF-A3D0-A361C2B98C8C}"
EndProject
Global
	GlobalSection(SolutionConfigurationPlatforms) = preSolution
		Debug|Any CPU = Debug|Any CPU
		Release|Any CPU = Release|Any CPU
	EndGlobalSection
	GlobalSection(ProjectConfigurationPlatforms) = postSolution
		{4490F3D9-A6B5-4ECF-A3D0-A361C2B98C8C}.Debug|Any CPU.ActiveCfg = Debug|Any CPU
		{4490F3D9-A6B5-4ECF-A3D0-A361C2B98C8C}.Debug|Any CPU.Build.0 = Debug|Any CPU
		{4490F3D9-A6B5-4ECF-A3D0-A361C2B98C8C}.Release|Any CPU.ActiveCfg = Release|Any CPU
		{4490F3D9-A6B5-4ECF-A3D0-A361C2B98C8C}.Release|Any CPU.Build.0 = Release|Any CPU
	EndGlobalSection
	GlobalSection(SolutionProperties) = preSolution
		HideSolutionNode = FALSE
	EndGlobalSection
	GlobalSection(ExtensibilityGlobals) = postSolution
		SolutionGuid = {3F28EFB4-1F87-427F-BA57-9710BC257841}
	EndGlobalSection
EndGlobal
